
Microsoft Visual Studio Solution File, Format Version 12.00
# Visual Studio Version 17
VisualStudioVersion = 17.0.31903.59
MinimumVisualStudioVersion = 10.0.40219.1
Project("{FAE04EC0-301F-11D3-BF4B-00C04F79EFBC}") = "TaskSystem.Api", "TaskSystem.Api\TaskSystem.Api.csproj", "{9CC9EECB-6B3A-4E1B-9295-4CF7B1205BE3}"
EndProject
Project("{FAE04EC0-301F-11D3-BF4B-00C04F79EFBC}") = "TaskSystem.Domain", "TaskSystem.Domain\TaskSystem.Domain.csproj", "{A9F5AE57-7C1B-4E24-A6F6-A09D3B18F8BF}"
EndProject
Project("{FAE04EC0-301F-11D3-BF4B-00C04F79EFBC}") = "TaskSystem.Infrastructure", "TaskSystem.Infrastructure\TaskSystem.Infrastructure.csproj", "{92AF82C1-F10A-41BA-9758-5EEE76ACDEA2}"
EndProject
Project("{FAE04EC0-301F-11D3-BF4B-00C04F79EFBC}") = "TaskSystem.IntegrationTests", "TaskSystem.IntegrationTests\TaskSystem.IntegrationTests.csproj", "{62851754-C765-4C4B-8C33-34C6FDFC3B9A}"
EndProject
Global
	GlobalSection(SolutionConfigurationPlatforms) = preSolution
		Debug|Any CPU = Debug|Any CPU
		Debug|x64 = Debug|x64
		Debug|x86 = Debug|x86
		Release|Any CPU = Release|Any CPU
		Release|x64 = Release|x64
		Release|x86 = Release|x86
	EndGlobalSection
	GlobalSection(ProjectConfigurationPlatforms) = postSolution
		{9CC9EECB-6B3A-4E1B-9295-4CF7B1205BE3}.Debug|Any CPU.ActiveCfg = Debug|Any CPU
		{9CC9EECB-6B3A-4E1B-9295-4CF7B1205BE3}.Debug|Any CPU.Build.0 = Debug|Any CPU
		{9CC9EECB-6B3A-4E1B-9295-4CF7B1205BE3}.Debug|x64.ActiveCfg = Debug|Any CPU
		{9CC9EECB-6B3A-4E1B-9295-4CF7B1205BE3}.Debug|x64.Build.0 = Debug|Any CPU
		{9CC9EECB-6B3A-4E1B-9295-4CF7B1205BE3}.Debug|x86.ActiveCfg = Debug|Any CPU
		{9CC9EECB-6B3A-4E1B-9295-4CF7B1205BE3}.Debug|x86.Build.0 = Debug|Any CPU
		{9CC9EECB-6B3A-4E1B-9295-4CF7B1205BE3}.Release|Any CPU.ActiveCfg = Release|Any CPU
		{9CC9EECB-6B3A-4E1B-9295-4CF7B1205BE3}.Release|Any CPU.Build.0 = Release|Any CPU
		{9CC9EECB-6B3A-4E1B-9295-4CF7B1205BE3}.Release|x64.ActiveCfg = Release|Any CPU
		{9CC9EECB-6B3A-4E1B-9295-4CF7B1205BE3}.Release|x64.Build.0 = Release|Any CPU
		{9CC9EECB-6B3A-4E1B-9295-4CF7B1205BE3}.Release|x86.ActiveCfg = Release|Any CPU
		{9CC9EECB-6B3A-4E1B-9295-4CF7B1205BE3}.Release|x86.Build.0 = Release|Any CPU
		{A9F5AE57-7C1B-4E24-A6F6-A09D3B18F8BF}.Debug|Any CPU.ActiveCfg = Debug|Any CPU
		{A9F5AE57-7C1B-4E24-A6F6-A09D3B18F8BF}.Debug|Any CPU.Build.0 = Debug|Any CPU
		{A9F5AE57-7C1B-4E24-A6F6-A09D3B18F8BF}.Debug|x64.ActiveCfg = Debug|Any CPU
		{A9F5AE57-7C1B-4E24-A6F6-A09D3B18F8BF}.Debug|x64.Build.0 = Debug|Any CPU
		{A9F5AE57-7C1B-4E24-A6F6-A09D3B18F8BF}.Debug|x86.ActiveCfg = Debug|Any CPU
		{A9F5AE57-7C1B-4E24-A6F6-A09D3B18F8BF}.Debug|x86.Build.0 = Debug|Any CPU
		{A9F5AE57-7C1B-4E24-A6F6-A09D3B18F8BF}.Release|Any CPU.ActiveCfg = Release|Any CPU
		{A9F5AE57-7C1B-4E24-A6F6-A09D3B18F8BF}.Release|Any CPU.Build.0 = Release|Any CPU
		{A9F5AE57-7C1B-4E24-A6F6-A09D3B18F8BF}.Release|x64.ActiveCfg = Release|Any CPU
		{A9F5AE57-7C1B-4E24-A6F6-A09D3B18F8BF}.Release|x64.Build.0 = Release|Any CPU
		{A9F5AE57-7C1B-4E24-A6F6-A09D3B18F8BF}.Release|x86.ActiveCfg = Release|Any CPU
		{A9F5AE57-7C1B-4E24-A6F6-A09D3B18F8BF}.Release|x86.Build.0 = Release|Any CPU
		{92AF82C1-F10A-41BA-9758-5EEE76ACDEA2}.Debug|Any CPU.ActiveCfg = Debug|Any CPU
		{92AF82C1-F10A-41BA-9758-5EEE76ACDEA2}.Debug|Any CPU.Build.0 = Debug|Any CPU
		{92AF82C1-F10A-41BA-9758-5EEE76ACDEA2}.Debug|x64.ActiveCfg = Debug|Any CPU
		{92AF82C1-F10A-41BA-9758-5EEE76ACDEA2}.Debug|x64.Build.0 = Debug|Any CPU
		{92AF82C1-F10A-41BA-9758-5EEE76ACDEA2}.Debug|x86.ActiveCfg = Debug|Any CPU
		{92AF82C1-F10A-41BA-9758-5EEE76ACDEA2}.Debug|x86.Build.0 = Debug|Any CPU
		{92AF82C1-F10A-41BA-9758-5EEE76ACDEA2}.Release|Any CPU.ActiveCfg = Release|Any CPU
		{92AF82C1-F10A-41BA-9758-5EEE76ACDEA2}.Release|Any CPU.Build.0 = Release|Any CPU
		{92AF82C1-F10A-41BA-9758-5EEE76ACDEA2}.Release|x64.ActiveCfg = Release|Any CPU
		{92AF82C1-F10A-41BA-9758-5EEE76ACDEA2}.Release|x64.Build.0 = Release|Any CPU
		{92AF82C1-F10A-41BA-9758-5EEE76ACDEA2}.Release|x86.ActiveCfg = Release|Any CPU
		{92AF82C1-F10A-41BA-9758-5EEE76ACDEA2}.Release|x86.Build.0 = Release|Any CPU
		{62851754-C765-4C4B-8C33-34C6FDFC3B9A}.Debug|Any CPU.ActiveCfg = Debug|Any CPU
		{62851754-C765-4C4B-8C33-34C6FDFC3B9A}.Debug|Any CPU.Build.0 = Debug|Any CPU
		{62851754-C765-4C4B-8C33-34C6FDFC3B9A}.Debug|x64.ActiveCfg = Debug|Any CPU
		{62851754-C765-4C4B-8C33-34C6FDFC3B9A}.Debug|x64.Build.0 = Debug|Any CPU
		{62851754-C765-4C4B-8C33-34C6FDFC3B9A}.Debug|x86.ActiveCfg = Debug|Any CPU
		{62851754-C765-4C4B-8C33-34C6FDFC3B9A}.Debug|x86.Build.0 = Debug|Any CPU
		{62851754-C765-4C4B-8C33-34C6FDFC3B9A}.Release|Any CPU.ActiveCfg = Release|Any CPU
		{62851754-C765-4C4B-8C33-34C6FDFC3B9A}.Release|Any CPU.Build.0 = Release|Any CPU
		{62851754-C765-4C4B-8C33-34C6FDFC3B9A}.Release|x64.ActiveCfg = Release|Any CPU
		{62851754-C765-4C4B-8C33-34C6FDFC3B9A}.Release|x64.Build.0 = Release|Any CPU
		{62851754-C765-4C4B-8C33-34C6FDFC3B9A}.Release|x86.ActiveCfg = Release|Any CPU
		{62851754-C765-4C4B-8C33-34C6FDFC3B9A}.Release|x86.Build.0 = Release|Any CPU
	EndGlobalSection
	GlobalSection(SolutionProperties) = preSolution
		HideSolutionNode = FALSE
	EndGlobalSection
EndGlobal
